
Microsoft Visual Studio Solution File, Format Version 12.00
# Visual Studio Version 16
VisualStudioVersion = 16.0.32802.440
MinimumVisualStudioVersion = 10.0.40219.1
Project("{9A19103F-16F7-4668-BE54-9A1E7A4F7556}") = "ListAndSaveProducts", "ListAndSaveProducts.csproj", "{7D8F6EF4-C30A-47E6-8B73-80CBC3C7258E}"
EndProject
Global
	GlobalSection(SolutionConfigurationPlatforms) = preSolution
		Debug|Any CPU = Debug|Any CPU
		Release|Any CPU = Release|Any CPU
	EndGlobalSection
	GlobalSection(ProjectConfigurationPlatforms) = postSolution
		{7D8F6EF4-C30A-47E6-8B73-80CBC3C7258E}.Debug|Any CPU.ActiveCfg = Debug|Any CPU
		{7D8F6EF4-C30A-47E6-8B73-80CBC3C7258E}.Debug|Any CPU.Build.0 = Debug|Any CPU
		{7D8F6EF4-C30A-47E6-8B73-80CBC3C7258E}.Release|Any CPU.ActiveCfg = Release|Any CPU
		{7D8F6EF4-C30A-47E6-8B73-80CBC3C7258E}.Release|Any CPU.Build.0 = Release|Any CPU
	EndGlobalSection
	GlobalSection(SolutionProperties) = preSolution
		HideSolutionNode = FALSE
	EndGlobalSection
	GlobalSection(ExtensibilityGlobals) = postSolution
		SolutionGuid = {644F1BE2-76CB-4745-A8FA-8B364E5F46E8}
	EndGlobalSection
EndGlobal
